// !$*UTF8*$!
{
	archiveVersion = 1;
	classes = {
	};
	objectVersion = 55;
	objects = {

/* Begin PBXBuildFile section */
		CB658B772940CE7F00B6CAE3 /* NoListView.swift in Sources */ = {isa = PBXBuildFile; fileRef = CB658B762940CE7F00B6CAE3 /* NoListView.swift */; };
		CB658B792940D1C500B6CAE3 /* AddView.swift in Sources */ = {isa = PBXBuildFile; fileRef = CB658B782940D1C500B6CAE3 /* AddView.swift */; };
		CBAF82B22947ACE200C15513 /* ListRowView.swift in Sources */ = {isa = PBXBuildFile; fileRef = CBAF82B12947ACE200C15513 /* ListRowView.swift */; };
		CBAF82B42947AE5200C15513 /* ListView.swift in Sources */ = {isa = PBXBuildFile; fileRef = CBAF82B32947AE5200C15513 /* ListView.swift */; };
		CBB252A0293E5D76004D5D38 /* TodoAppSUIApp.swift in Sources */ = {isa = PBXBuildFile; fileRef = CBB2529F293E5D76004D5D38 /* TodoAppSUIApp.swift */; };
		CBB252A2293E5D76004D5D38 /* ContentView.swift in Sources */ = {isa = PBXBuildFile; fileRef = CBB252A1293E5D76004D5D38 /* ContentView.swift */; };
		CBB252A4293E5D7A004D5D38 /* Assets.xcassets in Resources */ = {isa = PBXBuildFile; fileRef = CBB252A3293E5D7A004D5D38 /* Assets.xcassets */; };
		CBB252A7293E5D7A004D5D38 /* Preview Assets.xcassets in Resources */ = {isa = PBXBuildFile; fileRef = CBB252A6293E5D7A004D5D38 /* Preview Assets.xcassets */; };
		CBB252AF293E5DBF004D5D38 /* ItemModel.swift in Sources */ = {isa = PBXBuildFile; fileRef = CBB252AE293E5DBF004D5D38 /* ItemModel.swift */; };
		CBB252B2293E61F3004D5D38 /* ListViewModel.swift in Sources */ = {isa = PBXBuildFile; fileRef = CBB252B1293E61F3004D5D38 /* ListViewModel.swift */; };
/* End PBXBuildFile section */

/* Begin PBXFileReference section */
		CB658B762940CE7F00B6CAE3 /* NoListView.swift */ = {isa = PBXFileReference; lastKnownFileType = sourcecode.swift; path = NoListView.swift; sourceTree = "<group>"; };
		CB658B782940D1C500B6CAE3 /* AddView.swift */ = {isa = PBXFileReference; lastKnownFileType = sourcecode.swift; path = AddView.swift; sourceTree = "<group>"; };
		CBAF82B12947ACE200C15513 /* ListRowView.swift */ = {isa = PBXFileReference; lastKnownFileType = sourcecode.swift; path = ListRowView.swift; sourceTree = "<group>"; };
		CBAF82B32947AE5200C15513 /* ListView.swift */ = {isa = PBXFileReference; lastKnownFileType = sourcecode.swift; path = ListView.swift; sourceTree = "<group>"; };
		CBB2529C293E5D76004D5D38 /* TodoAppSUI.app */ = {isa = PBXFileReference; explicitFileType = wrapper.application; includeInIndex = 0; path = TodoAppSUI.app; sourceTree = BUILT_PRODUCTS_DIR; };
		CBB2529F293E5D76004D5D38 /* TodoAppSUIApp.swift */ = {isa = PBXFileReference; lastKnownFileType = sourcecode.swift; path = TodoAppSUIApp.swift; sourceTree = "<group>"; };
		CBB252A1293E5D76004D5D38 /* ContentView.swift */ = {isa = PBXFileReference; lastKnownFileType = sourcecode.swift; path = ContentView.swift; sourceTree = "<group>"; };
		CBB252A3293E5D7A004D5D38 /* Assets.xcassets */ = {isa = PBXFileReference; lastKnownFileType = folder.assetcatalog; path = Assets.xcassets; sourceTree = "<group>"; };
		CBB252A6293E5D7A004D5D38 /* Preview Assets.xcassets */ = {isa = PBXFileReference; lastKnownFileType = folder.assetcatalog; path = "Preview Assets.xcassets"; sourceTree = "<group>"; };
		CBB252AE293E5DBF004D5D38 /* ItemModel.swift */ = {isa = PBXFileReference; lastKnownFileType = sourcecode.swift; path = ItemModel.swift; sourceTree = "<group>"; };
		CBB252B1293E61F3004D5D38 /* ListViewModel.swift */ = {isa = PBXFileReference; lastKnownFileType = sourcecode.swift; path = ListViewModel.swift; sourceTree = "<group>"; };
/* End PBXFileReference section */

/* Begin PBXFrameworksBuildPhase section */
		CBB25299293E5D76004D5D38 /* Frameworks */ = {
			isa = PBXFrameworksBuildPhase;
			buildActionMask = 2147483647;
			files = (
			);
			runOnlyForDeploymentPostprocessing = 0;
		};
/* End PBXFrameworksBuildPhase section */

/* Begin PBXGroup section */
		CB658B752940CE6800B6CAE3 /* View */ = {
			isa = PBXGroup;
			children = (
				CBB252A1293E5D76004D5D38 /* ContentView.swift */,
				CB658B762940CE7F00B6CAE3 /* NoListView.swift */,
				CB658B782940D1C500B6CAE3 /* AddView.swift */,
				CBAF82B12947ACE200C15513 /* ListRowView.swift */,
				CBAF82B32947AE5200C15513 /* ListView.swift */,
			);
			path = View;
			sourceTree = "<group>";
		};
		CBB25293293E5D76004D5D38 = {
			isa = PBXGroup;
			children = (
				CBB2529E293E5D76004D5D38 /* TodoAppSUI */,
				CBB2529D293E5D76004D5D38 /* Products */,
			);
			sourceTree = "<group>";
		};
		CBB2529D293E5D76004D5D38 /* Products */ = {
			isa = PBXGroup;
			children = (
				CBB2529C293E5D76004D5D38 /* TodoAppSUI.app */,
			);
			name = Products;
			sourceTree = "<group>";
		};
		CBB2529E293E5D76004D5D38 /* TodoAppSUI */ = {
			isa = PBXGroup;
			children = (
				CBB2529F293E5D76004D5D38 /* TodoAppSUIApp.swift */,
				CB658B752940CE6800B6CAE3 /* View */,
				CBB252B0293E61DB004D5D38 /* ViewModel */,
				CBB252AD293E5DA3004D5D38 /* Model */,
				CBB252A3293E5D7A004D5D38 /* Assets.xcassets */,
				CBB252A5293E5D7A004D5D38 /* Preview Content */,
			);
			path = TodoAppSUI;
			sourceTree = "<group>";
		};
		CBB252A5293E5D7A004D5D38 /* Preview Content */ = {
			isa = PBXGroup;
			children = (
				CBB252A6293E5D7A004D5D38 /* Preview Assets.xcassets */,
			);
			path = "Preview Content";
			sourceTree = "<group>";
		};
		CBB252AD293E5DA3004D5D38 /* Model */ = {
			isa = PBXGroup;
			children = (
				CBB252AE293E5DBF004D5D38 /* ItemModel.swift */,
			);
			path = Model;
			sourceTree = "<group>";
		};
		CBB252B0293E61DB004D5D38 /* ViewModel */ = {
			isa = PBXGroup;
			children = (
				CBB252B1293E61F3004D5D38 /* ListViewModel.swift */,
			);
			path = ViewModel;
			sourceTree = "<group>";
		};
/* End PBXGroup section */

/* Begin PBXNativeTarget section */
		CBB2529B293E5D76004D5D38 /* TodoAppSUI */ = {
			isa = PBXNativeTarget;
			buildConfigurationList = CBB252AA293E5D7A004D5D38 /* Build configuration list for PBXNativeTarget "TodoAppSUI" */;
			buildPhases = (
				CBB25298293E5D76004D5D38 /* Sources */,
				CBB25299293E5D76004D5D38 /* Frameworks */,
				CBB2529A293E5D76004D5D38 /* Resources */,
			);
			buildRules = (
			);
			dependencies = (
			);
			name = TodoAppSUI;
			productName = TodoAppSUI;
			productReference = CBB2529C293E5D76004D5D38 /* TodoAppSUI.app */;
			productType = "com.apple.product-type.application";
		};
/* End PBXNativeTarget section */

/* Begin PBXProject section */
		CBB25294293E5D76004D5D38 /* Project object */ = {
			isa = PBXProject;
			attributes = {
				BuildIndependentTargetsInParallel = 1;
				LastSwiftUpdateCheck = 1320;
				LastUpgradeCheck = 1320;
				TargetAttributes = {
					CBB2529B293E5D76004D5D38 = {
						CreatedOnToolsVersion = 13.2.1;
					};
				};
			};
			buildConfigurationList = CBB25297293E5D76004D5D38 /* Build configuration list for PBXProject "TodoAppSUI" */;
			compatibilityVersion = "Xcode 13.0";
			developmentRegion = en;
			hasScannedForEncodings = 0;
			knownRegions = (
				en,
				Base,
			);
			mainGroup = CBB25293293E5D76004D5D38;
			productRefGroup = CBB2529D293E5D76004D5D38 /* Products */;
			projectDirPath = "";
			projectRoot = "";
			targets = (
				CBB2529B293E5D76004D5D38 /* TodoAppSUI */,
			);
		};
/* End PBXProject section */

/* Begin PBXResourcesBuildPhase section */
		CBB2529A293E5D76004D5D38 /* Resources */ = {
			isa = PBXResourcesBuildPhase;
			buildActionMask = 2147483647;
			files = (
				CBB252A7293E5D7A004D5D38 /* Preview Assets.xcassets in Resources */,
				CBB252A4293E5D7A004D5D38 /* Assets.xcassets in Resources */,
			);
			runOnlyForDeploymentPostprocessing = 0;
		};
/* End PBXResourcesBuildPhase section */

/* Begin PBXSourcesBuildPhase section */
		CBB25298293E5D76004D5D38 /* Sources */ = {
			isa = PBXSourcesBuildPhase;
			buildActionMask = 2147483647;
			files = (
				CBAF82B42947AE5200C15513 /* ListView.swift in Sources */,
				CBB252AF293E5DBF004D5D38 /* ItemModel.swift in Sources */,
				CBAF82B22947ACE200C15513 /* ListRowView.swift in Sources */,
				CBB252A2293E5D76004D5D38 /* ContentView.swift in Sources */,
				CB658B792940D1C500B6CAE3 /* AddView.swift in Sources */,
				CB658B772940CE7F00B6CAE3 /* NoListView.swift in Sources */,
				CBB252B2293E61F3004D5D38 /* ListViewModel.swift in Sources */,
				CBB252A0293E5D76004D5D38 /* TodoAppSUIApp.swift in Sources */,
			);
			runOnlyForDeploymentPostprocessing = 0;
		};
/* End PBXSourcesBuildPhase section */

/* Begin XCBuildConfiguration section */
		CBB252A8293E5D7A004D5D38 /* Debug */ = {
			isa = XCBuildConfiguration;
			buildSettings = {
				ALWAYS_SEARCH_USER_PATHS = NO;
				CLANG_ANALYZER_NONNULL = YES;
				CLANG_ANALYZER_NUMBER_OBJECT_CONVERSION = YES_AGGRESSIVE;
				CLANG_CXX_LANGUAGE_STANDARD = "gnu++17";
				CLANG_CXX_LIBRARY = "libc++";
				CLANG_ENABLE_MODULES = YES;
				CLANG_ENABLE_OBJC_ARC = YES;
				CLANG_ENABLE_OBJC_WEAK = YES;
				CLANG_WARN_BLOCK_CAPTURE_AUTORELEASING = YES;
				CLANG_WARN_BOOL_CONVERSION = YES;
				CLANG_WARN_COMMA = YES;
				CLANG_WARN_CONSTANT_CONVERSION = YES;
				CLANG_WARN_DEPRECATED_OBJC_IMPLEMENTATIONS = YES;
				CLANG_WARN_DIRECT_OBJC_ISA_USAGE = YES_ERROR;
				CLANG_WARN_DOCUMENTATION_COMMENTS = YES;
				CLANG_WARN_EMPTY_BODY = YES;
				CLANG_WARN_ENUM_CONVERSION = YES;
				CLANG_WARN_INFINITE_RECURSION = YES;
				CLANG_WARN_INT_CONVERSION = YES;
				CLANG_WARN_NON_LITERAL_NULL_CONVERSION = YES;
				CLANG_WARN_OBJC_IMPLICIT_RETAIN_SELF = YES;
				CLANG_WARN_OBJC_LITERAL_CONVERSION = YES;
				CLANG_WARN_OBJC_ROOT_CLASS = YES_ERROR;
				CLANG_WARN_QUOTED_INCLUDE_IN_FRAMEWORK_HEADER = YES;
				CLANG_WARN_RANGE_LOOP_ANALYSIS = YES;
				CLANG_WARN_STRICT_PROTOTYPES = YES;
				CLANG_WARN_SUSPICIOUS_MOVE = YES;
				CLANG_WARN_UNGUARDED_AVAILABILITY = YES_AGGRESSIVE;
				CLANG_WARN_UNREACHABLE_CODE = YES;
				CLANG_WARN__DUPLICATE_METHOD_MATCH = YES;
				COPY_PHASE_STRIP = NO;
				DEBUG_INFORMATION_FORMAT = dwarf;
				ENABLE_STRICT_OBJC_MSGSEND = YES;
				ENABLE_TESTABILITY = YES;
				GCC_C_LANGUAGE_STANDARD = gnu11;
				GCC_DYNAMIC_NO_PIC = NO;
				GCC_NO_COMMON_BLOCKS = YES;
				GCC_OPTIMIZATION_LEVEL = 0;
				GCC_PREPROCESSOR_DEFINITIONS = (
					"DEBUG=1",
					"$(inherited)",
				);
				GCC_WARN_64_TO_32_BIT_CONVERSION = YES;
				GCC_WARN_ABOUT_RETURN_TYPE = YES_ERROR;
				GCC_WARN_UNDECLARED_SELECTOR = YES;
				GCC_WARN_UNINITIALIZED_AUTOS = YES_AGGRESSIVE;
				GCC_WARN_UNUSED_FUNCTION = YES;
				GCC_WARN_UNUSED_VARIABLE = YES;
				IPHONEOS_DEPLOYMENT_TARGET = 15.2;
				MTL_ENABLE_DEBUG_INFO = INCLUDE_SOURCE;
				MTL_FAST_MATH = YES;
				ONLY_ACTIVE_ARCH = YES;
				SDKROOT = iphoneos;
				SWIFT_ACTIVE_COMPILATION_CONDITIONS = DEBUG;
				SWIFT_OPTIMIZATION_LEVEL = "-Onone";
			};
			name = Debug;
		};
		CBB252A9293E5D7A004D5D38 /* Release */ = {
			isa = XCBuildConfiguration;
			buildSettings = {
				ALWAYS_SEARCH_USER_PATHS = NO;
				CLANG_ANALYZER_NONNULL = YES;
				CLANG_ANALYZER_NUMBER_OBJECT_CONVERSION = YES_AGGRESSIVE;
				CLANG_CXX_LANGUAGE_STANDARD = "gnu++17";
				CLANG_CXX_LIBRARY = "libc++";
				CLANG_ENABLE_MODULES = YES;
				CLANG_ENABLE_OBJC_ARC = YES;
				CLANG_ENABLE_OBJC_WEAK = YES;
				CLANG_WARN_BLOCK_CAPTURE_AUTORELEASING = YES;
				CLANG_WARN_BOOL_CONVERSION = YES;
				CLANG_WARN_COMMA = YES;
				CLANG_WARN_CONSTANT_CONVERSION = YES;
				CLANG_WARN_DEPRECATED_OBJC_IMPLEMENTATIONS = YES;
				CLANG_WARN_DIRECT_OBJC_ISA_USAGE = YES_ERROR;
				CLANG_WARN_DOCUMENTATION_COMMENTS = YES;
				CLANG_WARN_EMPTY_BODY = YES;
				CLANG_WARN_ENUM_CONVERSION = YES;
				CLANG_WARN_INFINITE_RECURSION = YES;
				CLANG_WARN_INT_CONVERSION = YES;
				CLANG_WARN_NON_LITERAL_NULL_CONVERSION = YES;
				CLANG_WARN_OBJC_IMPLICIT_RETAIN_SELF = YES;
				CLANG_WARN_OBJC_LITERAL_CONVERSION = YES;
				CLANG_WARN_OBJC_ROOT_CLASS = YES_ERROR;
				CLANG_WARN_QUOTED_INCLUDE_IN_FRAMEWORK_HEADER = YES;
				CLANG_WARN_RANGE_LOOP_ANALYSIS = YES;
				CLANG_WARN_STRICT_PROTOTYPES = YES;
				CLANG_WARN_SUSPICIOUS_MOVE = YES;
				CLANG_WARN_UNGUARDED_AVAILABILITY = YES_AGGRESSIVE;
				CLANG_WARN_UNREACHABLE_CODE = YES;
				CLANG_WARN__DUPLICATE_METHOD_MATCH = YES;
				COPY_PHASE_STRIP = NO;
				DEBUG_INFORMATION_FORMAT = "dwarf-with-dsym";
				ENABLE_NS_ASSERTIONS = NO;
				ENABLE_STRICT_OBJC_MSGSEND = YES;
				GCC_C_LANGUAGE_STANDARD = gnu11;
				GCC_NO_COMMON_BLOCKS = YES;
				GCC_WARN_64_TO_32_BIT_CONVERSION = YES;
				GCC_WARN_ABOUT_RETURN_TYPE = YES_ERROR;
				GCC_WARN_UNDECLARED_SELECTOR = YES;
				GCC_WARN_UNINITIALIZED_AUTOS = YES_AGGRESSIVE;
				GCC_WARN_UNUSED_FUNCTION = YES;
				GCC_WARN_UNUSED_VARIABLE = YES;
				IPHONEOS_DEPLOYMENT_TARGET = 15.2;
				MTL_ENABLE_DEBUG_INFO = NO;
				MTL_FAST_MATH = YES;
				SDKROOT = iphoneos;
				SWIFT_COMPILATION_MODE = wholemodule;
				SWIFT_OPTIMIZATION_LEVEL = "-O";
				VALIDATE_PRODUCT = YES;
			};
			name = Release;
		};
		CBB252AB293E5D7A004D5D38 /* Debug */ = {
			isa = XCBuildConfiguration;
			buildSettings = {
				ASSETCATALOG_COMPILER_APPICON_NAME = AppIcon;
				ASSETCATALOG_COMPILER_GLOBAL_ACCENT_COLOR_NAME = AccentColor;
				CODE_SIGN_STYLE = Automatic;
				CURRENT_PROJECT_VERSION = 1;
				DEVELOPMENT_ASSET_PATHS = "\"TodoAppSUI/Preview Content\"";
				DEVELOPMENT_TEAM = K67NCKKP3G;
				ENABLE_PREVIEWS = YES;
				GENERATE_INFOPLIST_FILE = YES;
				INFOPLIST_KEY_UIApplicationSceneManifest_Generation = YES;
				INFOPLIST_KEY_UIApplicationSupportsIndirectInputEvents = YES;
				INFOPLIST_KEY_UILaunchScreen_Generation = YES;
				INFOPLIST_KEY_UISupportedInterfaceOrientations_iPad = "UIInterfaceOrientationPortrait UIInterfaceOrientationPortraitUpsideDown UIInterfaceOrientationLandscapeLeft UIInterfaceOrientationLandscapeRight";
				INFOPLIST_KEY_UISupportedInterfaceOrientations_iPhone = "UIInterfaceOrientationPortrait UIInterfaceOrientationLandscapeLeft UIInterfaceOrientationLandscapeRight";
				LD_RUNPATH_SEARCH_PATHS = (
					"$(inherited)",
					"@executable_path/Frameworks",
				);
				MARKETING_VERSION = 1.0;
				PRODUCT_BUNDLE_IDENTIFIER = "Daniel-Klimchuk.TodoAppSUI";
				PRODUCT_NAME = "$(TARGET_NAME)";
				SWIFT_EMIT_LOC_STRINGS = YES;
				SWIFT_VERSION = 5.0;
				TARGETED_DEVICE_FAMILY = "1,2";
			};
			name = Debug;
		};
		CBB252AC293E5D7A004D5D38 /* Release */ = {
			isa = XCBuildConfiguration;
			buildSettings = {
				ASSETCATALOG_COMPILER_APPICON_NAME = AppIcon;
				ASSETCATALOG_COMPILER_GLOBAL_ACCENT_COLOR_NAME = AccentColor;
				CODE_SIGN_STYLE = Automatic;
				CURRENT_PROJECT_VERSION = 1;
				DEVELOPMENT_ASSET_PATHS = "\"TodoAppSUI/Preview Content\"";
				DEVELOPMENT_TEAM = K67NCKKP3G;
				ENABLE_PREVIEWS = YES;
				GENERATE_INFOPLIST_FILE = YES;
				INFOPLIST_KEY_UIApplicationSceneManifest_Generation = YES;
				INFOPLIST_KEY_UIApplicationSupportsIndirectInputEvents = YES;
				INFOPLIST_KEY_UILaunchScreen_Generation = YES;
				INFOPLIST_KEY_UISupportedInterfaceOrientations_iPad = "UIInterfaceOrientationPortrait UIInterfaceOrientationPortraitUpsideDown UIInterfaceOrientationLandscapeLeft UIInterfaceOrientationLandscapeRight";
				INFOPLIST_KEY_UISupportedInterfaceOrientations_iPhone = "UIInterfaceOrientationPortrait UIInterfaceOrientationLandscapeLeft UIInterfaceOrientationLandscapeRight";
				LD_RUNPATH_SEARCH_PATHS = (
					"$(inherited)",
					"@executable_path/Frameworks",
				);
				MARKETING_VERSION = 1.0;
				PRODUCT_BUNDLE_IDENTIFIER = "Daniel-Klimchuk.TodoAppSUI";
				PRODUCT_NAME = "$(TARGET_NAME)";
				SWIFT_EMIT_LOC_STRINGS = YES;
				SWIFT_VERSION = 5.0;
				TARGETED_DEVICE_FAMILY = "1,2";
			};
			name = Release;
		};
/* End XCBuildConfiguration section */

/* Begin XCConfigurationList section */
		CBB25297293E5D76004D5D38 /* Build configuration list for PBXProject "TodoAppSUI" */ = {
			isa = XCConfigurationList;
			buildConfigurations = (
				CBB252A8293E5D7A004D5D38 /* Debug */,
				CBB252A9293E5D7A004D5D38 /* Release */,
			);
			defaultConfigurationIsVisible = 0;
			defaultConfigurationName = Release;
		};
		CBB252AA293E5D7A004D5D38 /* Build configuration list for PBXNativeTarget "TodoAppSUI" */ = {
			isa = XCConfigurationList;
			buildConfigurations = (
				CBB252AB293E5D7A004D5D38 /* Debug */,
				CBB252AC293E5D7A004D5D38 /* Release */,
			);
			defaultConfigurationIsVisible = 0;
			defaultConfigurationName = Release;
		};
/* End XCConfigurationList section */
	};
	rootObject = CBB25294293E5D76004D5D38 /* Project object */;
}
